
Microsoft Visual Studio Solution File, Format Version 12.00
# Visual Studio 15
VisualStudioVersion = 15.0.28010.2016
MinimumVisualStudioVersion = 10.0.40219.1
Project("{FAE04EC0-301F-11D3-BF4B-00C04F79EFBC}") = "LoginPage", "LoginPage\LoginPage.csproj", "{613B8771-C2CE-4DAF-AE7A-2723C8018B7B}"
EndProject
Global
	GlobalSection(SolutionConfigurationPlatforms) = preSolution
		Debug|Any CPU = Debug|Any CPU
		Release|Any CPU = Release|Any CPU
	EndGlobalSection
	GlobalSection(ProjectConfigurationPlatforms) = postSolution
		{613B8771-C2CE-4DAF-AE7A-2723C8018B7B}.Debug|Any CPU.ActiveCfg = Debug|Any CPU
		{613B8771-C2CE-4DAF-AE7A-2723C8018B7B}.Debug|Any CPU.Build.0 = Debug|Any CPU
		{613B8771-C2CE-4DAF-AE7A-2723C8018B7B}.Release|Any CPU.ActiveCfg = Release|Any CPU
		{613B8771-C2CE-4DAF-AE7A-2723C8018B7B}.Release|Any CPU.Build.0 = Release|Any CPU
	EndGlobalSection
	GlobalSection(SolutionProperties) = preSolution
		HideSolutionNode = FALSE
	EndGlobalSection
	GlobalSection(ExtensibilityGlobals) = postSolution
		SolutionGuid = {5A884A54-77EF-4FD1-A338-C47963E4A154}
	EndGlobalSection
EndGlobal
